# THIS IS AN AUTOGENERATED FILE. DO NOT EDIT THIS FILE DIRECTLY.
# yarn lockfile v1


"@esbuild/android-arm@0.15.18":
  version "0.15.18"
  resolved "https://registry.yarnpkg.com/@esbuild/android-arm/-/android-arm-0.15.18.tgz#266d40b8fdcf87962df8af05b76219bc786b4f80"
  integrity sha512-5GT+kcs2WVGjVs7+boataCkO5Fg0y4kCjzkB5bAip7H4jfnOS3dA6KPiww9W1OEKTKeAcUVhdZGvgI65OXmUnw==

"@esbuild/linux-loong64@0.15.18":
  version "0.15.18"
  resolved "https://registry.yarnpkg.com/@esbuild/linux-loong64/-/linux-loong64-0.15.18.tgz#128b76ecb9be48b60cf5cfc1c63a4f00691a3239"
  integrity sha512-L4jVKS82XVhw2nvzLg/19ClLWg0y27ulRwuP7lcyL6AbUWB5aPglXY3M21mauDQMDfRLs8cQmeT03r/+X3cZYQ==

"@parcel/watcher-android-arm64@2.5.1":
  version "2.5.1"
  resolved "https://registry.yarnpkg.com/@parcel/watcher-android-arm64/-/watcher-android-arm64-2.5.1.tgz#507f836d7e2042f798c7d07ad19c3546f9848ac1"
  integrity sha512-KF8+j9nNbUN8vzOFDpRMsaKBHZ/mcjEjMToVMJOhTozkDonQFFrRcfdLWn6yWKCmJKmdVxSgHiYvTCef4/qcBA==

"@parcel/watcher-darwin-arm64@2.5.1":
  version "2.5.1"
  resolved "https://registry.yarnpkg.com/@parcel/watcher-darwin-arm64/-/watcher-darwin-arm64-2.5.1.tgz#3d26dce38de6590ef79c47ec2c55793c06ad4f67"
  integrity sha512-eAzPv5osDmZyBhou8PoF4i6RQXAfeKL9tjb3QzYuccXFMQU0ruIc/POh30ePnaOyD1UXdlKguHBmsTs53tVoPw==

"@parcel/watcher-darwin-x64@2.5.1":
  version "2.5.1"
  resolved "https://registry.yarnpkg.com/@parcel/watcher-darwin-x64/-/watcher-darwin-x64-2.5.1.tgz#99f3af3869069ccf774e4ddfccf7e64fd2311ef8"
  integrity sha512-1ZXDthrnNmwv10A0/3AJNZ9JGlzrF82i3gNQcWOzd7nJ8aj+ILyW1MTxVk35Db0u91oD5Nlk9MBiujMlwmeXZg==

"@parcel/watcher-freebsd-x64@2.5.1":
  version "2.5.1"
  resolved "https://registry.yarnpkg.com/@parcel/watcher-freebsd-x64/-/watcher-freebsd-x64-2.5.1.tgz#14d6857741a9f51dfe51d5b08b7c8afdbc73ad9b"
  integrity sha512-SI4eljM7Flp9yPuKi8W0ird8TI/JK6CSxju3NojVI6BjHsTyK7zxA9urjVjEKJ5MBYC+bLmMcbAWlZ+rFkLpJQ==

"@parcel/watcher-linux-arm-glibc@2.5.1":
  version "2.5.1"
  resolved "https://registry.yarnpkg.com/@parcel/watcher-linux-arm-glibc/-/watcher-linux-arm-glibc-2.5.1.tgz#43c3246d6892381db473bb4f663229ad20b609a1"
  integrity sha512-RCdZlEyTs8geyBkkcnPWvtXLY44BCeZKmGYRtSgtwwnHR4dxfHRG3gR99XdMEdQ7KeiDdasJwwvNSF5jKtDwdA==

"@parcel/watcher-linux-arm-musl@2.5.1":
  version "2.5.1"
  resolved "https://registry.yarnpkg.com/@parcel/watcher-linux-arm-musl/-/watcher-linux-arm-musl-2.5.1.tgz#663750f7090bb6278d2210de643eb8a3f780d08e"
  integrity sha512-6E+m/Mm1t1yhB8X412stiKFG3XykmgdIOqhjWj+VL8oHkKABfu/gjFj8DvLrYVHSBNC+/u5PeNrujiSQ1zwd1Q==

"@parcel/watcher-linux-arm64-glibc@2.5.1":
  version "2.5.1"
  resolved "https://registry.yarnpkg.com/@parcel/watcher-linux-arm64-glibc/-/watcher-linux-arm64-glibc-2.5.1.tgz#ba60e1f56977f7e47cd7e31ad65d15fdcbd07e30"
  integrity sha512-LrGp+f02yU3BN9A+DGuY3v3bmnFUggAITBGriZHUREfNEzZh/GO06FF5u2kx8x+GBEUYfyTGamol4j3m9ANe8w==

"@parcel/watcher-linux-arm64-musl@2.5.1":
  version "2.5.1"
  resolved "https://registry.yarnpkg.com/@parcel/watcher-linux-arm64-musl/-/watcher-linux-arm64-musl-2.5.1.tgz#f7fbcdff2f04c526f96eac01f97419a6a99855d2"
  integrity sha512-cFOjABi92pMYRXS7AcQv9/M1YuKRw8SZniCDw0ssQb/noPkRzA+HBDkwmyOJYp5wXcsTrhxO0zq1U11cK9jsFg==

"@parcel/watcher-linux-x64-glibc@2.5.1":
  version "2.5.1"
  resolved "https://registry.yarnpkg.com/@parcel/watcher-linux-x64-glibc/-/watcher-linux-x64-glibc-2.5.1.tgz#4d2ea0f633eb1917d83d483392ce6181b6a92e4e"
  integrity sha512-GcESn8NZySmfwlTsIur+49yDqSny2IhPeZfXunQi48DMugKeZ7uy1FX83pO0X22sHntJ4Ub+9k34XQCX+oHt2A==

"@parcel/watcher-linux-x64-musl@2.5.1":
  version "2.5.1"
  resolved "https://registry.yarnpkg.com/@parcel/watcher-linux-x64-musl/-/watcher-linux-x64-musl-2.5.1.tgz#277b346b05db54f55657301dd77bdf99d63606ee"
  integrity sha512-n0E2EQbatQ3bXhcH2D1XIAANAcTZkQICBPVaxMeaCVBtOpBZpWJuf7LwyWPSBDITb7In8mqQgJ7gH8CILCURXg==

"@parcel/watcher-win32-arm64@2.5.1":
  version "2.5.1"
  resolved "https://registry.yarnpkg.com/@parcel/watcher-win32-arm64/-/watcher-win32-arm64-2.5.1.tgz#7e9e02a26784d47503de1d10e8eab6cceb524243"
  integrity sha512-RFzklRvmc3PkjKjry3hLF9wD7ppR4AKcWNzH7kXR7GUe0Igb3Nz8fyPwtZCSquGrhU5HhUNDr/mKBqj7tqA2Vw==

"@parcel/watcher-win32-ia32@2.5.1":
  version "2.5.1"
  resolved "https://registry.yarnpkg.com/@parcel/watcher-win32-ia32/-/watcher-win32-ia32-2.5.1.tgz#2d0f94fa59a873cdc584bf7f6b1dc628ddf976e6"
  integrity sha512-c2KkcVN+NJmuA7CGlaGD1qJh1cLfDnQsHjE89E60vUEMlqduHGCdCLJCID5geFVM0dOtA3ZiIO8BoEQmzQVfpQ==

"@parcel/watcher-win32-x64@2.5.1":
  version "2.5.1"
  resolved "https://registry.yarnpkg.com/@parcel/watcher-win32-x64/-/watcher-win32-x64-2.5.1.tgz#ae52693259664ba6f2228fa61d7ee44b64ea0947"
  integrity sha512-9lHBdJITeNR++EvSQVUcaZoWupyHfXe1jZvGZ06O/5MflPcuPLtEphScIBL+AiCWBO46tDSHzWyD0uDmmZqsgA==

"@parcel/watcher@^2.4.1":
  version "2.5.1"
  resolved "https://registry.yarnpkg.com/@parcel/watcher/-/watcher-2.5.1.tgz#342507a9cfaaf172479a882309def1e991fb1200"
  integrity sha512-dfUnCxiN9H4ap84DvD2ubjw+3vUNpstxa0TneY/Paat8a3R4uQZDLSvWjmznAY/DoahqTHl9V46HF/Zs3F29pg==
  dependencies:
    detect-libc "^1.0.3"
    is-glob "^4.0.3"
    micromatch "^4.0.5"
    node-addon-api "^7.0.0"
  optionalDependencies:
    "@parcel/watcher-android-arm64" "2.5.1"
    "@parcel/watcher-darwin-arm64" "2.5.1"
    "@parcel/watcher-darwin-x64" "2.5.1"
    "@parcel/watcher-freebsd-x64" "2.5.1"
    "@parcel/watcher-linux-arm-glibc" "2.5.1"
    "@parcel/watcher-linux-arm-musl" "2.5.1"
    "@parcel/watcher-linux-arm64-glibc" "2.5.1"
    "@parcel/watcher-linux-arm64-musl" "2.5.1"
    "@parcel/watcher-linux-x64-glibc" "2.5.1"
    "@parcel/watcher-linux-x64-musl" "2.5.1"
    "@parcel/watcher-win32-arm64" "2.5.1"
    "@parcel/watcher-win32-ia32" "2.5.1"
    "@parcel/watcher-win32-x64" "2.5.1"

"@popperjs/core@^2.11.6":
  version "2.11.8"
  resolved "https://registry.yarnpkg.com/@popperjs/core/-/core-2.11.8.tgz#6b79032e760a0899cd4204710beede972a3a185f"
  integrity sha512-P1st0aksCrn9sGZhp8GMYwBnQsbvAWsZAX44oXNNvLHGqAOcoVxmjZiohstwQ7SqKnbR47akdNi+uleWD8+g6A==

asynckit@^0.4.0:
  version "0.4.0"
  resolved "https://registry.yarnpkg.com/asynckit/-/asynckit-0.4.0.tgz#c79ed97f7f34cb8f2ba1bc9790bcc366474b4b79"
  integrity sha512-Oei9OH4tRh0YqU3GxhX79dM/mwVgvbZJaSNaRk+bshkj0S5cfHcgYakreBjrHwatXKbz+IoIdYLxrKim2MjW0Q==

axios@^1.1.2:
  version "1.11.0"
  resolved "https://registry.yarnpkg.com/axios/-/axios-1.11.0.tgz#c2ec219e35e414c025b2095e8b8280278478fdb6"
  integrity sha512-1Lx3WLFQWm3ooKDYZD1eXmoGO9fxYQjrycfHFC8P0sCfQVXyROp0p9PFWBehewBOdCwHc+f/b8I0fMto5eSfwA==
  dependencies:
    follow-redirects "^1.15.6"
    form-data "^4.0.4"
    proxy-from-env "^1.1.0"

bootstrap@^5.2.3:
  version "5.3.7"
  resolved "https://registry.yarnpkg.com/bootstrap/-/bootstrap-5.3.7.tgz#8640065036124d961d885d80b5945745e1154d90"
  integrity sha512-7KgiD8UHjfcPBHEpDNg+zGz8L3LqR3GVwqZiBRFX04a1BCArZOz1r2kjly2HQ0WokqTO0v1nF+QAt8dsW4lKlw==

braces@^3.0.3:
  version "3.0.3"
  resolved "https://registry.yarnpkg.com/braces/-/braces-3.0.3.tgz#490332f40919452272d55a8480adc0c441358789"
  integrity sha512-yQbXgO/OSZVD2IsiLlro+7Hf6Q18EJrKSEsdoMzKePKXct3gvD8oLcOQdIzGupr5Fj+EDe8gO/lxc1BzfMpxvA==
  dependencies:
    fill-range "^7.1.1"

call-bind-apply-helpers@^1.0.1, call-bind-apply-helpers@^1.0.2:
  version "1.0.2"
  resolved "https://registry.yarnpkg.com/call-bind-apply-helpers/-/call-bind-apply-helpers-1.0.2.tgz#4b5428c222be985d79c3d82657479dbe0b59b2d6"
  integrity sha512-Sp1ablJ0ivDkSzjcaJdxEunN5/XvksFJ2sMBFfq6x0ryhQV/2b/KwFe21cMpmHtPOSij8K99/wSfoEuTObmuMQ==
  dependencies:
    es-errors "^1.3.0"
    function-bind "^1.1.2"

chokidar@^4.0.0:
  version "4.0.3"
  resolved "https://registry.yarnpkg.com/chokidar/-/chokidar-4.0.3.tgz#7be37a4c03c9aee1ecfe862a4a23b2c70c205d30"
  integrity sha512-Qgzu8kfBvo+cA4962jnP1KkS6Dop5NS6g7R5LFYJr4b8Ub94PPQXUksCw9PvXoeXPRRddRNC5C1JQUR2SMGtnA==
  dependencies:
    readdirp "^4.0.1"

combined-stream@^1.0.8:
  version "1.0.8"
  resolved "https://registry.yarnpkg.com/combined-stream/-/combined-stream-1.0.8.tgz#c3d45a8b34fd730631a110a8a2520682b31d5a7f"
  integrity sha512-FQN4MRfuJeHf7cBbBMJFXhKSDq+2kAArBlmRBvcvFE5BB1HZKXtSFASDhdlz9zOYwxh8lDdnvmMOe/+5cdoEdg==
  dependencies:
    delayed-stream "~1.0.0"

delayed-stream@~1.0.0:
  version "1.0.0"
  resolved "https://registry.yarnpkg.com/delayed-stream/-/delayed-stream-1.0.0.tgz#df3ae199acadfb7d440aaae0b29e2272b24ec619"
  integrity sha512-ZySD7Nf91aLB0RxL4KGrKHBXl7Eds1DAmEdcoVawXnLD7SDhpNgtuII2aAkg7a7QS41jxPSZ17p4VdGnMHk3MQ==

detect-libc@^1.0.3:
  version "1.0.3"
  resolved "https://registry.yarnpkg.com/detect-libc/-/detect-libc-1.0.3.tgz#fa137c4bd698edf55cd5cd02ac559f91a4c4ba9b"
  integrity sha512-pGjwhsmsp4kL2RTz08wcOlGN83otlqHeD/Z5T8GXZB+/YcpQ/dgo+lbU8ZsGxV0HIvqqxo9l7mqYwyYMD9bKDg==

dunder-proto@^1.0.1:
  version "1.0.1"
  resolved "https://registry.yarnpkg.com/dunder-proto/-/dunder-proto-1.0.1.tgz#d7ae667e1dc83482f8b70fd0f6eefc50da30f58a"
  integrity sha512-KIN/nDJBQRcXw0MLVhZE9iQHmG68qAVIBg9CqmUYjmQIhgij9U5MFvrqkUL5FbtyyzZuOeOt0zdeRe4UY7ct+A==
  dependencies:
    call-bind-apply-helpers "^1.0.1"
    es-errors "^1.3.0"
    gopd "^1.2.0"

es-define-property@^1.0.1:
  version "1.0.1"
  resolved "https://registry.yarnpkg.com/es-define-property/-/es-define-property-1.0.1.tgz#983eb2f9a6724e9303f61addf011c72e09e0b0fa"
  integrity sha512-e3nRfgfUZ4rNGL232gUgX06QNyyez04KdjFrF+LTRoOXmrOgFKDg4BCdsjW8EnT69eqdYGmRpJwiPVYNrCaW3g==

es-errors@^1.3.0:
  version "1.3.0"
  resolved "https://registry.yarnpkg.com/es-errors/-/es-errors-1.3.0.tgz#05f75a25dab98e4fb1dcd5e1472c0546d5057c8f"
  integrity sha512-Zf5H2Kxt2xjTvbJvP2ZWLEICxA6j+hAmMzIlypy4xcBg1vKVnx89Wy0GbS+kf5cwCVFFzdCFh2XSCFNULS6csw==

es-object-atoms@^1.0.0, es-object-atoms@^1.1.1:
  version "1.1.1"
  resolved "https://registry.yarnpkg.com/es-object-atoms/-/es-object-atoms-1.1.1.tgz#1c4f2c4837327597ce69d2ca190a7fdd172338c1"
  integrity sha512-FGgH2h8zKNim9ljj7dankFPcICIK9Cp5bm+c2gQSYePhpaG5+esrLODihIorn+Pe6FGJzWhXQotPv73jTaldXA==
  dependencies:
    es-errors "^1.3.0"

es-set-tostringtag@^2.1.0:
  version "2.1.0"
  resolved "https://registry.yarnpkg.com/es-set-tostringtag/-/es-set-tostringtag-2.1.0.tgz#f31dbbe0c183b00a6d26eb6325c810c0fd18bd4d"
  integrity sha512-j6vWzfrGVfyXxge+O0x5sh6cvxAog0a/4Rdd2K36zCMV5eJ+/+tOAngRO8cODMNWbVRdVlmGZQL2YS3yR8bIUA==
  dependencies:
    es-errors "^1.3.0"
    get-intrinsic "^1.2.6"
    has-tostringtag "^1.0.2"
    hasown "^2.0.2"

esbuild-android-64@0.15.18:
  version "0.15.18"
  resolved "https://registry.yarnpkg.com/esbuild-android-64/-/esbuild-android-64-0.15.18.tgz#20a7ae1416c8eaade917fb2453c1259302c637a5"
  integrity sha512-wnpt3OXRhcjfIDSZu9bnzT4/TNTDsOUvip0foZOUBG7QbSt//w3QV4FInVJxNhKc/ErhUxc5z4QjHtMi7/TbgA==

esbuild-android-arm64@0.15.18:
  version "0.15.18"
  resolved "https://registry.yarnpkg.com/esbuild-android-arm64/-/esbuild-android-arm64-0.15.18.tgz#9cc0ec60581d6ad267568f29cf4895ffdd9f2f04"
  integrity sha512-G4xu89B8FCzav9XU8EjsXacCKSG2FT7wW9J6hOc18soEHJdtWu03L3TQDGf0geNxfLTtxENKBzMSq9LlbjS8OQ==

esbuild-darwin-64@0.15.18:
  version "0.15.18"
  resolved "https://registry.yarnpkg.com/esbuild-darwin-64/-/esbuild-darwin-64-0.15.18.tgz#428e1730ea819d500808f220fbc5207aea6d4410"
  integrity sha512-2WAvs95uPnVJPuYKP0Eqx+Dl/jaYseZEUUT1sjg97TJa4oBtbAKnPnl3b5M9l51/nbx7+QAEtuummJZW0sBEmg==

esbuild-darwin-arm64@0.15.18:
  version "0.15.18"
  resolved "https://registry.yarnpkg.com/esbuild-darwin-arm64/-/esbuild-darwin-arm64-0.15.18.tgz#b6dfc7799115a2917f35970bfbc93ae50256b337"
  integrity sha512-tKPSxcTJ5OmNb1btVikATJ8NftlyNlc8BVNtyT/UAr62JFOhwHlnoPrhYWz09akBLHI9nElFVfWSTSRsrZiDUA==

esbuild-freebsd-64@0.15.18:
  version "0.15.18"
  resolved "https://registry.yarnpkg.com/esbuild-freebsd-64/-/esbuild-freebsd-64-0.15.18.tgz#4e190d9c2d1e67164619ae30a438be87d5eedaf2"
  integrity sha512-TT3uBUxkteAjR1QbsmvSsjpKjOX6UkCstr8nMr+q7zi3NuZ1oIpa8U41Y8I8dJH2fJgdC3Dj3CXO5biLQpfdZA==

esbuild-freebsd-arm64@0.15.18:
  version "0.15.18"
  resolved "https://registry.yarnpkg.com/esbuild-freebsd-arm64/-/esbuild-freebsd-arm64-0.15.18.tgz#18a4c0344ee23bd5a6d06d18c76e2fd6d3f91635"
  integrity sha512-R/oVr+X3Tkh+S0+tL41wRMbdWtpWB8hEAMsOXDumSSa6qJR89U0S/PpLXrGF7Wk/JykfpWNokERUpCeHDl47wA==

esbuild-linux-32@0.15.18:
  version "0.15.18"
  resolved "https://registry.yarnpkg.com/esbuild-linux-32/-/esbuild-linux-32-0.15.18.tgz#9a329731ee079b12262b793fb84eea762e82e0ce"
  integrity sha512-lphF3HiCSYtaa9p1DtXndiQEeQDKPl9eN/XNoBf2amEghugNuqXNZA/ZovthNE2aa4EN43WroO0B85xVSjYkbg==

esbuild-linux-64@0.15.18:
  version "0.15.18"
  resolved "https://registry.yarnpkg.com/esbuild-linux-64/-/esbuild-linux-64-0.15.18.tgz#532738075397b994467b514e524aeb520c191b6c"
  integrity sha512-hNSeP97IviD7oxLKFuii5sDPJ+QHeiFTFLoLm7NZQligur8poNOWGIgpQ7Qf8Balb69hptMZzyOBIPtY09GZYw==

esbuild-linux-arm64@0.15.18:
  version "0.15.18"
  resolved "https://registry.yarnpkg.com/esbuild-linux-arm64/-/esbuild-linux-arm64-0.15.18.tgz#5372e7993ac2da8f06b2ba313710d722b7a86e5d"
  integrity sha512-54qr8kg/6ilcxd+0V3h9rjT4qmjc0CccMVWrjOEM/pEcUzt8X62HfBSeZfT2ECpM7104mk4yfQXkosY8Quptug==

esbuild-linux-arm@0.15.18:
  version "0.15.18"
  resolved "https://registry.yarnpkg.com/esbuild-linux-arm/-/esbuild-linux-arm-0.15.18.tgz#e734aaf259a2e3d109d4886c9e81ec0f2fd9a9cc"
  integrity sha512-UH779gstRblS4aoS2qpMl3wjg7U0j+ygu3GjIeTonCcN79ZvpPee12Qun3vcdxX+37O5LFxz39XeW2I9bybMVA==

esbuild-linux-mips64le@0.15.18:
  version "0.15.18"
  resolved "https://registry.yarnpkg.com/esbuild-linux-mips64le/-/esbuild-linux-mips64le-0.15.18.tgz#c0487c14a9371a84eb08fab0e1d7b045a77105eb"
  integrity sha512-Mk6Ppwzzz3YbMl/ZZL2P0q1tnYqh/trYZ1VfNP47C31yT0K8t9s7Z077QrDA/guU60tGNp2GOwCQnp+DYv7bxQ==

esbuild-linux-ppc64le@0.15.18:
  version "0.15.18"
  resolved "https://registry.yarnpkg.com/esbuild-linux-ppc64le/-/esbuild-linux-ppc64le-0.15.18.tgz#af048ad94eed0ce32f6d5a873f7abe9115012507"
  integrity sha512-b0XkN4pL9WUulPTa/VKHx2wLCgvIAbgwABGnKMY19WhKZPT+8BxhZdqz6EgkqCLld7X5qiCY2F/bfpUUlnFZ9w==

esbuild-linux-riscv64@0.15.18:
  version "0.15.18"
  resolved "https://registry.yarnpkg.com/esbuild-linux-riscv64/-/esbuild-linux-riscv64-0.15.18.tgz#423ed4e5927bd77f842bd566972178f424d455e6"
  integrity sha512-ba2COaoF5wL6VLZWn04k+ACZjZ6NYniMSQStodFKH/Pu6RxzQqzsmjR1t9QC89VYJxBeyVPTaHuBMCejl3O/xg==

esbuild-linux-s390x@0.15.18:
  version "0.15.18"
  resolved "https://registry.yarnpkg.com/esbuild-linux-s390x/-/esbuild-linux-s390x-0.15.18.tgz#21d21eaa962a183bfb76312e5a01cc5ae48ce8eb"
  integrity sha512-VbpGuXEl5FCs1wDVp93O8UIzl3ZrglgnSQ+Hu79g7hZu6te6/YHgVJxCM2SqfIila0J3k0csfnf8VD2W7u2kzQ==

esbuild-netbsd-64@0.15.18:
  version "0.15.18"
  resolved "https://registry.yarnpkg.com/esbuild-netbsd-64/-/esbuild-netbsd-64-0.15.18.tgz#ae75682f60d08560b1fe9482bfe0173e5110b998"
  integrity sha512-98ukeCdvdX7wr1vUYQzKo4kQ0N2p27H7I11maINv73fVEXt2kyh4K4m9f35U1K43Xc2QGXlzAw0K9yoU7JUjOg==

esbuild-openbsd-64@0.15.18:
  version "0.15.18"
  resolved "https://registry.yarnpkg.com/esbuild-openbsd-64/-/esbuild-openbsd-64-0.15.18.tgz#79591a90aa3b03e4863f93beec0d2bab2853d0a8"
  integrity sha512-yK5NCcH31Uae076AyQAXeJzt/vxIo9+omZRKj1pauhk3ITuADzuOx5N2fdHrAKPxN+zH3w96uFKlY7yIn490xQ==

esbuild-sunos-64@0.15.18:
  version "0.15.18"
  resolved "https://registry.yarnpkg.com/esbuild-sunos-64/-/esbuild-sunos-64-0.15.18.tgz#fd528aa5da5374b7e1e93d36ef9b07c3dfed2971"
  integrity sha512-On22LLFlBeLNj/YF3FT+cXcyKPEI263nflYlAhz5crxtp3yRG1Ugfr7ITyxmCmjm4vbN/dGrb/B7w7U8yJR9yw==

esbuild-windows-32@0.15.18:
  version "0.15.18"
  resolved "https://registry.yarnpkg.com/esbuild-windows-32/-/esbuild-windows-32-0.15.18.tgz#0e92b66ecdf5435a76813c4bc5ccda0696f4efc3"
  integrity sha512-o+eyLu2MjVny/nt+E0uPnBxYuJHBvho8vWsC2lV61A7wwTWC3jkN2w36jtA+yv1UgYkHRihPuQsL23hsCYGcOQ==

esbuild-windows-64@0.15.18:
  version "0.15.18"
  resolved "https://registry.yarnpkg.com/esbuild-windows-64/-/esbuild-windows-64-0.15.18.tgz#0fc761d785414284fc408e7914226d33f82420d0"
  integrity sha512-qinug1iTTaIIrCorAUjR0fcBk24fjzEedFYhhispP8Oc7SFvs+XeW3YpAKiKp8dRpizl4YYAhxMjlftAMJiaUw==

esbuild-windows-arm64@0.15.18:
  version "0.15.18"
  resolved "https://registry.yarnpkg.com/esbuild-windows-arm64/-/esbuild-windows-arm64-0.15.18.tgz#5b5bdc56d341d0922ee94965c89ee120a6a86eb7"
  integrity sha512-q9bsYzegpZcLziq0zgUi5KqGVtfhjxGbnksaBFYmWLxeV/S1fK4OLdq2DFYnXcLMjlZw2L0jLsk1eGoB522WXQ==

esbuild@^0.15.9:
  version "0.15.18"
  resolved "https://registry.yarnpkg.com/esbuild/-/esbuild-0.15.18.tgz#ea894adaf3fbc036d32320a00d4d6e4978a2f36d"
  integrity sha512-x/R72SmW3sSFRm5zrrIjAhCeQSAWoni3CmHEqfQrZIQTM3lVCdehdwuIqaOtfC2slvpdlLa62GYoN8SxT23m6Q==
  optionalDependencies:
    "@esbuild/android-arm" "0.15.18"
    "@esbuild/linux-loong64" "0.15.18"
    esbuild-android-64 "0.15.18"
    esbuild-android-arm64 "0.15.18"
    esbuild-darwin-64 "0.15.18"
    esbuild-darwin-arm64 "0.15.18"
    esbuild-freebsd-64 "0.15.18"
    esbuild-freebsd-arm64 "0.15.18"
    esbuild-linux-32 "0.15.18"
    esbuild-linux-64 "0.15.18"
    esbuild-linux-arm "0.15.18"
    esbuild-linux-arm64 "0.15.18"
    esbuild-linux-mips64le "0.15.18"
    esbuild-linux-ppc64le "0.15.18"
    esbuild-linux-riscv64 "0.15.18"
    esbuild-linux-s390x "0.15.18"
    esbuild-netbsd-64 "0.15.18"
    esbuild-openbsd-64 "0.15.18"
    esbuild-sunos-64 "0.15.18"
    esbuild-windows-32 "0.15.18"
    esbuild-windows-64 "0.15.18"
    esbuild-windows-arm64 "0.15.18"

fill-range@^7.1.1:
  version "7.1.1"
  resolved "https://registry.yarnpkg.com/fill-range/-/fill-range-7.1.1.tgz#44265d3cac07e3ea7dc247516380643754a05292"
  integrity sha512-YsGpe3WHLK8ZYi4tWDg2Jy3ebRz2rXowDxnld4bkQB00cc/1Zw9AWnC0i9ztDJitivtQvaI9KaLyKrc+hBW0yg==
  dependencies:
    to-regex-range "^5.0.1"

follow-redirects@^1.15.6:
  version "1.15.11"
  resolved "https://registry.yarnpkg.com/follow-redirects/-/follow-redirects-1.15.11.tgz#777d73d72a92f8ec4d2e410eb47352a56b8e8340"
  integrity sha512-deG2P0JfjrTxl50XGCDyfI97ZGVCxIpfKYmfyrQ54n5FO/0gfIES8C/Psl6kWVDolizcaaxZJnTS0QSMxvnsBQ==

form-data@^4.0.4:
  version "4.0.4"
  resolved "https://registry.yarnpkg.com/form-data/-/form-data-4.0.4.tgz#784cdcce0669a9d68e94d11ac4eea98088edd2c4"
  integrity sha512-KrGhL9Q4zjj0kiUt5OO4Mr/A/jlI2jDYs5eHBpYHPcBEVSiipAvn2Ko2HnPe20rmcuuvMHNdZFp+4IlGTMF0Ow==
  dependencies:
    asynckit "^0.4.0"
    combined-stream "^1.0.8"
    es-set-tostringtag "^2.1.0"
    hasown "^2.0.2"
    mime-types "^2.1.12"

fsevents@~2.3.2:
  version "2.3.3"
  resolved "https://registry.yarnpkg.com/fsevents/-/fsevents-2.3.3.tgz#cac6407785d03675a2a5e1a5305c697b347d90d6"
  integrity sha512-5xoDfX+fL7faATnagmWPpbFtwh/R77WmMMqqHGS65C3vvB0YHrgF+B1YmZ3441tMj5n63k0212XNoJwzlhffQw==

function-bind@^1.1.2:
  version "1.1.2"
  resolved "https://registry.yarnpkg.com/function-bind/-/function-bind-1.1.2.tgz#2c02d864d97f3ea6c8830c464cbd11ab6eab7a1c"
  integrity sha512-7XHNxH7qX9xG5mIwxkhumTox/MIRNcOgDrxWsMt2pAr23WHp6MrRlN7FBSFpCpr+oVO0F744iUgR82nJMfG2SA==

get-intrinsic@^1.2.6:
  version "1.3.0"
  resolved "https://registry.yarnpkg.com/get-intrinsic/-/get-intrinsic-1.3.0.tgz#743f0e3b6964a93a5491ed1bffaae054d7f98d01"
  integrity sha512-9fSjSaos/fRIVIp+xSJlE6lfwhES7LNtKaCBIamHsjr2na1BiABJPo0mOjjz8GJDURarmCPGqaiVg5mfjb98CQ==
  dependencies:
    call-bind-apply-helpers "^1.0.2"
    es-define-property "^1.0.1"
    es-errors "^1.3.0"
    es-object-atoms "^1.1.1"
    function-bind "^1.1.2"
    get-proto "^1.0.1"
    gopd "^1.2.0"
    has-symbols "^1.1.0"
    hasown "^2.0.2"
    math-intrinsics "^1.1.0"

get-proto@^1.0.1:
  version "1.0.1"
  resolved "https://registry.yarnpkg.com/get-proto/-/get-proto-1.0.1.tgz#150b3f2743869ef3e851ec0c49d15b1d14d00ee1"
  integrity sha512-sTSfBjoXBp89JvIKIefqw7U2CCebsc74kiY6awiGogKtoSGbgjYE/G/+l9sF3MWFPNc9IcoOC4ODfKHfxFmp0g==
  dependencies:
    dunder-proto "^1.0.1"
    es-object-atoms "^1.0.0"

gopd@^1.2.0:
  version "1.2.0"
  resolved "https://registry.yarnpkg.com/gopd/-/gopd-1.2.0.tgz#89f56b8217bdbc8802bd299df6d7f1081d7e51a1"
  integrity sha512-ZUKRh6/kUFoAiTAtTYPZJ3hw9wNxx+BIBOijnlG9PnrJsCcSjs1wyyD6vJpaYtgnzDrKYRSqf3OO6Rfa93xsRg==

has-symbols@^1.0.3, has-symbols@^1.1.0:
  version "1.1.0"
  resolved "https://registry.yarnpkg.com/has-symbols/-/has-symbols-1.1.0.tgz#fc9c6a783a084951d0b971fe1018de813707a338"
  integrity sha512-1cDNdwJ2Jaohmb3sg4OmKaMBwuC48sYni5HUw2DvsC8LjGTLK9h+eb1X6RyuOHe4hT0ULCW68iomhjUoKUqlPQ==

has-tostringtag@^1.0.2:
  version "1.0.2"
  resolved "https://registry.yarnpkg.com/has-tostringtag/-/has-tostringtag-1.0.2.tgz#2cdc42d40bef2e5b4eeab7c01a73c54ce7ab5abc"
  integrity sha512-NqADB8VjPFLM2V0VvHUewwwsw0ZWBaIdgo+ieHtK3hasLz4qeCRjYcqfB6AQrBggRKppKF8L52/VqdVsO47Dlw==
  dependencies:
    has-symbols "^1.0.3"

hasown@^2.0.2:
  version "2.0.2"
  resolved "https://registry.yarnpkg.com/hasown/-/hasown-2.0.2.tgz#003eaf91be7adc372e84ec59dc37252cedb80003"
  integrity sha512-0hJU9SCPvmMzIBdZFqNPXWa6dqh7WdH0cII9y+CyS8rG3nL48Bclra9HmKhVVUHyPWNH5Y7xDwAB7bfgSjkUMQ==
  dependencies:
    function-bind "^1.1.2"

immutable@^5.0.2:
  version "5.1.3"
  resolved "https://registry.yarnpkg.com/immutable/-/immutable-5.1.3.tgz#e6486694c8b76c37c063cca92399fa64098634d4"
  integrity sha512-+chQdDfvscSF1SJqv2gn4SRO2ZyS3xL3r7IW/wWEEzrzLisnOlKiQu5ytC/BVNcS15C39WT2Hg/bjKjDMcu+zg==

is-core-module@^2.16.0:
  version "2.16.1"
  resolved "https://registry.yarnpkg.com/is-core-module/-/is-core-module-2.16.1.tgz#2a98801a849f43e2add644fbb6bc6229b19a4ef4"
  integrity sha512-UfoeMA6fIJ8wTYFEUjelnaGI67v6+N7qXJEvQuIGa99l4xsCruSYOVSQ0uPANn4dAzm8lkYPaKLrrijLq7x23w==
  dependencies:
    hasown "^2.0.2"

is-extglob@^2.1.1:
  version "2.1.1"
  resolved "https://registry.yarnpkg.com/is-extglob/-/is-extglob-2.1.1.tgz#a88c02535791f02ed37c76a1b9ea9773c833f8c2"
  integrity sha512-SbKbANkN603Vi4jEZv49LeVJMn4yGwsbzZworEoyEiutsN3nJYdbO36zfhGJ6QEDpOZIFkDtnq5JRxmvl3jsoQ==

is-glob@^4.0.3:
  version "4.0.3"
  resolved "https://registry.yarnpkg.com/is-glob/-/is-glob-4.0.3.tgz#64f61e42cbbb2eec2071a9dac0b28ba1e65d5084"
  integrity sha512-xelSayHH36ZgE7ZWhli7pW34hNbNl8Ojv5KVmkJD4hBdD3th8Tfk9vYasLM+mXWOZhFkgZfxhLSnrwRr4elSSg==
  dependencies:
    is-extglob "^2.1.1"

is-number@^7.0.0:
  version "7.0.0"
  resolved "https://registry.yarnpkg.com/is-number/-/is-number-7.0.0.tgz#7535345b896734d5f80c4d06c50955527a14f12b"
  integrity sha512-41Cifkg6e8TylSpdtTpeLVMqvSBEVzTttHvERD741+pnZ8ANv0004MRL43QKPDlK9cGvNp6NZWZUBlbGXYxxng==

laravel-vite-plugin@^0.7.0:
  version "0.7.8"
  resolved "https://registry.yarnpkg.com/laravel-vite-plugin/-/laravel-vite-plugin-0.7.8.tgz#0fd0c577389ed5f4c5bb61cfbd9da5d18c9b58dc"
  integrity sha512-HWYqpQYHR3kEQ1LsHX7gHJoNNf0bz5z5mDaHBLzS+PGLCTmYqlU5/SZyeEgObV7z7bC/cnStYcY9H1DI1D5Udg==
  dependencies:
    picocolors "^1.0.0"
    vite-plugin-full-reload "^1.0.5"

lodash@^4.17.19:
  version "4.17.21"
  resolved "https://registry.yarnpkg.com/lodash/-/lodash-4.17.21.tgz#679591c564c3bffaae8454cf0b3df370c3d6911c"
  integrity sha512-v2kDEe57lecTulaDIuNTPy3Ry4gLGJ6Z1O3vE1krgXZNrsQ+LFTGHVxVjcXPs17LhbZVGedAJv8XZ1tvj5FvSg==

math-intrinsics@^1.1.0:
  version "1.1.0"
  resolved "https://registry.yarnpkg.com/math-intrinsics/-/math-intrinsics-1.1.0.tgz#a0dd74be81e2aa5c2f27e65ce283605ee4e2b7f9"
  integrity sha512-/IXtbwEk5HTPyEwyKX6hGkYXxM9nbj64B+ilVJnC/R6B0pH5G4V3b0pVbL7DBj4tkhBAppbQUlf6F6Xl9LHu1g==

micromatch@^4.0.5:
  version "4.0.8"
  resolved "https://registry.yarnpkg.com/micromatch/-/micromatch-4.0.8.tgz#d66fa18f3a47076789320b9b1af32bd86d9fa202"
  integrity sha512-PXwfBhYu0hBCPw8Dn0E+WDYb7af3dSLVWKi3HGv84IdF4TyFoC0ysxFd0Goxw7nSv4T/PzEJQxsYsEiFCKo2BA==
  dependencies:
    braces "^3.0.3"
    picomatch "^2.3.1"

mime-db@1.52.0:
  version "1.52.0"
  resolved "https://registry.yarnpkg.com/mime-db/-/mime-db-1.52.0.tgz#bbabcdc02859f4987301c856e3387ce5ec43bf70"
  integrity sha512-sPU4uV7dYlvtWJxwwxHD0PuihVNiE7TyAbQ5SWxDCB9mUYvOgroQOwYQQOKPJ8CIbE+1ETVlOoK1UC2nU3gYvg==

mime-types@^2.1.12:
  version "2.1.35"
  resolved "https://registry.yarnpkg.com/mime-types/-/mime-types-2.1.35.tgz#381a871b62a734450660ae3deee44813f70d959a"
  integrity sha512-ZDY+bPm5zTTF+YpCrAU9nK0UgICYPT0QtT1NZWFv4s++TNkcgVaT0g6+4R2uI4MjQjzysHB1zxuWL50hzaeXiw==
  dependencies:
    mime-db "1.52.0"

nanoid@^3.3.11:
  version "3.3.11"
  resolved "https://registry.yarnpkg.com/nanoid/-/nanoid-3.3.11.tgz#4f4f112cefbe303202f2199838128936266d185b"
  integrity sha512-N8SpfPUnUp1bK+PMYW8qSWdl9U+wwNWI4QKxOYDy9JAro3WMX7p2OeVRF9v+347pnakNevPmiHhNmZ2HbFA76w==

node-addon-api@^7.0.0:
  version "7.1.1"
  resolved "https://registry.yarnpkg.com/node-addon-api/-/node-addon-api-7.1.1.tgz#1aba6693b0f255258a049d621329329322aad558"
  integrity sha512-5m3bsyrjFWE1xf7nz7YXdN4udnVtXK6/Yfgn5qnahL6bCkf2yKt4k3nuTKAtT4r3IG8JNR2ncsIMdZuAzJjHQQ==

path-parse@^1.0.7:
  version "1.0.7"
  resolved "https://registry.yarnpkg.com/path-parse/-/path-parse-1.0.7.tgz#fbc114b60ca42b30d9daf5858e4bd68bbedb6735"
  integrity sha512-LDJzPVEEEPR+y48z93A0Ed0yXb8pAByGWo/k5YYdYgpY2/2EsOsksJrq7lOHxryrVOn1ejG6oAp8ahvOIQD8sw==

picocolors@^1.0.0, picocolors@^1.1.1:
  version "1.1.1"
  resolved "https://registry.yarnpkg.com/picocolors/-/picocolors-1.1.1.tgz#3d321af3eab939b083c8f929a1d12cda81c26b6b"
  integrity sha512-xceH2snhtb5M9liqDsmEw56le376mTZkEX/jEb/RxNFyegNul7eNslCXP9FDj/Lcu0X8KEyMceP2ntpaHrDEVA==

picomatch@^2.3.1:
  version "2.3.1"
  resolved "https://registry.yarnpkg.com/picomatch/-/picomatch-2.3.1.tgz#3ba3833733646d9d3e4995946c1365a67fb07a42"
  integrity sha512-JU3teHTNjmE2VCGFzuY8EXzCDVwEqB2a8fsIvwaStHhAWJEeVd1o1QD80CU6+ZdEXXSLbSsuLwJjkCBWqRQUVA==

postcss@^8.1.14, postcss@^8.4.18:
  version "8.5.6"
  resolved "https://registry.yarnpkg.com/postcss/-/postcss-8.5.6.tgz#2825006615a619b4f62a9e7426cc120b349a8f3c"
  integrity sha512-3Ybi1tAuwAP9s0r1UQ2J4n5Y0G05bJkpUIO0/bI9MhwmD70S5aTWbXGBwxHrelT+XM1k6dM0pk+SwNkpTRN7Pg==
  dependencies:
    nanoid "^3.3.11"
    picocolors "^1.1.1"
    source-map-js "^1.2.1"

proxy-from-env@^1.1.0:
  version "1.1.0"
  resolved "https://registry.yarnpkg.com/proxy-from-env/-/proxy-from-env-1.1.0.tgz#e102f16ca355424865755d2c9e8ea4f24d58c3e2"
  integrity sha512-D+zkORCbA9f1tdWRK0RaCR3GPv50cMxcrz4X8k5LTSUD1Dkw47mKJEZQNunItRTkWwgtaUSo1RVFRIG9ZXiFYg==

readdirp@^4.0.1:
  version "4.1.2"
  resolved "https://registry.yarnpkg.com/readdirp/-/readdirp-4.1.2.tgz#eb85801435fbf2a7ee58f19e0921b068fc69948d"
  integrity sha512-GDhwkLfywWL2s6vEjyhri+eXmfH6j1L7JE27WhqLeYzoh/A3DBaYGEj2H/HFZCn/kMfim73FXxEJTw06WtxQwg==

resolve@^1.22.1:
  version "1.22.10"
  resolved "https://registry.yarnpkg.com/resolve/-/resolve-1.22.10.tgz#b663e83ffb09bbf2386944736baae803029b8b39"
  integrity sha512-NPRy+/ncIMeDlTAsuqwKIiferiawhefFJtkNSW0qZJEqMEb+qBt/77B/jGeeek+F0uOeN05CDa6HXbbIgtVX4w==
  dependencies:
    is-core-module "^2.16.0"
    path-parse "^1.0.7"
    supports-preserve-symlinks-flag "^1.0.0"

rollup@^2.79.1:
  version "2.79.2"
  resolved "https://registry.yarnpkg.com/rollup/-/rollup-2.79.2.tgz#f150e4a5db4b121a21a747d762f701e5e9f49090"
  integrity sha512-fS6iqSPZDs3dr/y7Od6y5nha8dW1YnbgtsyotCVvoFGKbERG++CVRFv1meyGDE1SNItQA8BrnCw7ScdAhRJ3XQ==
  optionalDependencies:
    fsevents "~2.3.2"

sass@^1.56.1:
  version "1.90.0"
  resolved "https://registry.yarnpkg.com/sass/-/sass-1.90.0.tgz#d6fc2be49c7c086ce86ea0b231a35bf9e33cb84b"
  integrity sha512-9GUyuksjw70uNpb1MTYWsH9MQHOHY6kwfnkafC24+7aOMZn9+rVMBxRbLvw756mrBFbIsFg6Xw9IkR2Fnn3k+Q==
  dependencies:
    chokidar "^4.0.0"
    immutable "^5.0.2"
    source-map-js ">=0.6.2 <2.0.0"
  optionalDependencies:
    "@parcel/watcher" "^2.4.1"

"source-map-js@>=0.6.2 <2.0.0", source-map-js@^1.2.1:
  version "1.2.1"
  resolved "https://registry.yarnpkg.com/source-map-js/-/source-map-js-1.2.1.tgz#1ce5650fddd87abc099eda37dcff024c2667ae46"
  integrity sha512-UXWMKhLOwVKb728IUtQPXxfYU+usdybtUrK/8uGE8CQMvrhOpwvzDBwj0QhSL7MQc7vIsISBG8VQ8+IDQxpfQA==

supports-preserve-symlinks-flag@^1.0.0:
  version "1.0.0"
  resolved "https://registry.yarnpkg.com/supports-preserve-symlinks-flag/-/supports-preserve-symlinks-flag-1.0.0.tgz#6eda4bd344a3c94aea376d4cc31bc77311039e09"
  integrity sha512-ot0WnXS9fgdkgIcePe6RHNk1WA8+muPa6cSjeR3V8K27q9BB1rTE3R1p7Hv0z1ZyAc8s6Vvv8DIyWf681MAt0w==

to-regex-range@^5.0.1:
  version "5.0.1"
  resolved "https://registry.yarnpkg.com/to-regex-range/-/to-regex-range-5.0.1.tgz#1648c44aae7c8d988a326018ed72f5b4dd0392e4"
  integrity sha512-65P7iz6X5yEr1cwcgvQxbbIw7Uk3gOy5dIdtZ4rDveLqhrdJP+Li/Hx6tyK0NEb+2GCyneCMJiGqrADCSNk8sQ==
  dependencies:
    is-number "^7.0.0"

vite-plugin-full-reload@^1.0.5:
  version "1.2.0"
  resolved "https://registry.yarnpkg.com/vite-plugin-full-reload/-/vite-plugin-full-reload-1.2.0.tgz#bc4bfdc842abb4d24309ca802be8b955fce1c0c6"
  integrity sha512-kz18NW79x0IHbxRSHm0jttP4zoO9P9gXh+n6UTwlNKnviTTEpOlum6oS9SmecrTtSr+muHEn5TUuC75UovQzcA==
  dependencies:
    picocolors "^1.0.0"
    picomatch "^2.3.1"

vite@^3.0.0:
  version "3.2.11"
  resolved "https://registry.yarnpkg.com/vite/-/vite-3.2.11.tgz#8d1c8e05ef2f24b04c8693f56d3e01fe8835e6d7"
  integrity sha512-K/jGKL/PgbIgKCiJo5QbASQhFiV02X9Jh+Qq0AKCRCRKZtOTVi4t6wh75FDpGf2N9rYOnzH87OEFQNaFy6pdxQ==
  dependencies:
    esbuild "^0.15.9"
    postcss "^8.4.18"
    resolve "^1.22.1"
    rollup "^2.79.1"
  optionalDependencies:
    fsevents "~2.3.2"
